// !$*UTF8*$!
{
	archiveVersion = 1;
	classes = {
	};
	objectVersion = 52;
	objects = {

/* Begin PBXBuildFile section */
		18184F2D246563DD00FDEFE8 /* Inventory.xcdatamodeld in Sources */ = {isa = PBXBuildFile; fileRef = 18184F2B246563DD00FDEFE8 /* Inventory.xcdatamodeld */; };
		182824EF246037D800C7D07A /* AddItemView.swift in Sources */ = {isa = PBXBuildFile; fileRef = 182824EE246037D800C7D07A /* AddItemView.swift */; };
		182824F12460390700C7D07A /* ItemDetailView.swift in Sources */ = {isa = PBXBuildFile; fileRef = 182824F02460390700C7D07A /* ItemDetailView.swift */; };
		18441D8C248FDFA200DBE6DA /* CodeScanner in Frameworks */ = {isa = PBXBuildFile; productRef = 18441D8B248FDFA200DBE6DA /* CodeScanner */; };
		1844D801246567860058380F /* AddTypeView.swift in Sources */ = {isa = PBXBuildFile; fileRef = 1844D800246567860058380F /* AddTypeView.swift */; };
		1844D80324656DA10058380F /* EditTypesView.swift in Sources */ = {isa = PBXBuildFile; fileRef = 1844D80224656DA10058380F /* EditTypesView.swift */; };
		1844D80A2465ADC40058380F /* TypesView.swift in Sources */ = {isa = PBXBuildFile; fileRef = 1844D8092465ADC40058380F /* TypesView.swift */; };
		1844D80E246712460058380F /* TypeDetailView.swift in Sources */ = {isa = PBXBuildFile; fileRef = 1844D80D246712460058380F /* TypeDetailView.swift */; };
		1855C36B2468865C00F21D37 /* CaseDetailView.swift in Sources */ = {isa = PBXBuildFile; fileRef = 1855C36A2468865C00F21D37 /* CaseDetailView.swift */; };
		1855C36D2468A3AA00F21D37 /* EditCasesView.swift in Sources */ = {isa = PBXBuildFile; fileRef = 1855C36C2468A3AA00F21D37 /* EditCasesView.swift */; };
		185EDE5D2459B499006ED7BF /* AppDelegate.swift in Sources */ = {isa = PBXBuildFile; fileRef = 185EDE5C2459B499006ED7BF /* AppDelegate.swift */; };
		185EDE5F2459B499006ED7BF /* SceneDelegate.swift in Sources */ = {isa = PBXBuildFile; fileRef = 185EDE5E2459B499006ED7BF /* SceneDelegate.swift */; };
		185EDE642459B499006ED7BF /* ContentView.swift in Sources */ = {isa = PBXBuildFile; fileRef = 185EDE632459B499006ED7BF /* ContentView.swift */; };
		185EDE662459B49A006ED7BF /* Assets.xcassets in Resources */ = {isa = PBXBuildFile; fileRef = 185EDE652459B49A006ED7BF /* Assets.xcassets */; };
		185EDE692459B49A006ED7BF /* Preview Assets.xcassets in Resources */ = {isa = PBXBuildFile; fileRef = 185EDE682459B49A006ED7BF /* Preview Assets.xcassets */; };
		185EDE6C2459B49A006ED7BF /* LaunchScreen.storyboard in Resources */ = {isa = PBXBuildFile; fileRef = 185EDE6A2459B49A006ED7BF /* LaunchScreen.storyboard */; };
		188E026224683C750000AB38 /* StorageView.swift in Sources */ = {isa = PBXBuildFile; fileRef = 188E026124683C750000AB38 /* StorageView.swift */; };
/* End PBXBuildFile section */

/* Begin PBXFileReference section */
		1805F41D2460BA4E005241F8 /* Inventory.entitlements */ = {isa = PBXFileReference; lastKnownFileType = text.plist.entitlements; path = Inventory.entitlements; sourceTree = "<group>"; };
		18184F2C246563DD00FDEFE8 /* Inventory.xcdatamodel */ = {isa = PBXFileReference; lastKnownFileType = wrapper.xcdatamodel; path = Inventory.xcdatamodel; sourceTree = "<group>"; };
		182824EE246037D800C7D07A /* AddItemView.swift */ = {isa = PBXFileReference; fileEncoding = 4; lastKnownFileType = sourcecode.swift; name = AddItemView.swift; path = ../../../../../Desktop/AddItemView.swift; sourceTree = "<group>"; };
		182824F02460390700C7D07A /* ItemDetailView.swift */ = {isa = PBXFileReference; lastKnownFileType = sourcecode.swift; path = ItemDetailView.swift; sourceTree = "<group>"; };
		1844D800246567860058380F /* AddTypeView.swift */ = {isa = PBXFileReference; lastKnownFileType = sourcecode.swift; path = AddTypeView.swift; sourceTree = "<group>"; };
		1844D80224656DA10058380F /* EditTypesView.swift */ = {isa = PBXFileReference; lastKnownFileType = sourcecode.swift; path = EditTypesView.swift; sourceTree = "<group>"; };
		1844D8092465ADC40058380F /* TypesView.swift */ = {isa = PBXFileReference; lastKnownFileType = sourcecode.swift; path = TypesView.swift; sourceTree = "<group>"; };
		1844D80D246712460058380F /* TypeDetailView.swift */ = {isa = PBXFileReference; lastKnownFileType = sourcecode.swift; path = TypeDetailView.swift; sourceTree = "<group>"; };
		1855C36A2468865C00F21D37 /* CaseDetailView.swift */ = {isa = PBXFileReference; lastKnownFileType = sourcecode.swift; path = CaseDetailView.swift; sourceTree = "<group>"; };
		1855C36C2468A3AA00F21D37 /* EditCasesView.swift */ = {isa = PBXFileReference; lastKnownFileType = sourcecode.swift; path = EditCasesView.swift; sourceTree = "<group>"; };
		185EDE592459B499006ED7BF /* Inventory.app */ = {isa = PBXFileReference; explicitFileType = wrapper.application; includeInIndex = 0; path = Inventory.app; sourceTree = BUILT_PRODUCTS_DIR; };
		185EDE5C2459B499006ED7BF /* AppDelegate.swift */ = {isa = PBXFileReference; lastKnownFileType = sourcecode.swift; path = AppDelegate.swift; sourceTree = "<group>"; };
		185EDE5E2459B499006ED7BF /* SceneDelegate.swift */ = {isa = PBXFileReference; lastKnownFileType = sourcecode.swift; path = SceneDelegate.swift; sourceTree = "<group>"; };
		185EDE632459B499006ED7BF /* ContentView.swift */ = {isa = PBXFileReference; lastKnownFileType = sourcecode.swift; path = ContentView.swift; sourceTree = "<group>"; };
		185EDE652459B49A006ED7BF /* Assets.xcassets */ = {isa = PBXFileReference; lastKnownFileType = folder.assetcatalog; path = Assets.xcassets; sourceTree = "<group>"; };
		185EDE682459B49A006ED7BF /* Preview Assets.xcassets */ = {isa = PBXFileReference; lastKnownFileType = folder.assetcatalog; path = "Preview Assets.xcassets"; sourceTree = "<group>"; };
		185EDE6B2459B49A006ED7BF /* Base */ = {isa = PBXFileReference; lastKnownFileType = file.storyboard; name = Base; path = Base.lproj/LaunchScreen.storyboard; sourceTree = "<group>"; };
		185EDE6D2459B49A006ED7BF /* Info.plist */ = {isa = PBXFileReference; lastKnownFileType = text.plist.xml; path = Info.plist; sourceTree = "<group>"; };
		188E026124683C750000AB38 /* StorageView.swift */ = {isa = PBXFileReference; lastKnownFileType = sourcecode.swift; path = StorageView.swift; sourceTree = "<group>"; };
/* End PBXFileReference section */

/* Begin PBXFrameworksBuildPhase section */
		185EDE562459B499006ED7BF /* Frameworks */ = {
			isa = PBXFrameworksBuildPhase;
			buildActionMask = 2147483647;
			files = (
				18441D8C248FDFA200DBE6DA /* CodeScanner in Frameworks */,
			);
			runOnlyForDeploymentPostprocessing = 0;
		};
/* End PBXFrameworksBuildPhase section */

/* Begin PBXGroup section */
		185EDE502459B499006ED7BF = {
			isa = PBXGroup;
			children = (
				185EDE5B2459B499006ED7BF /* Inventory */,
				185EDE5A2459B499006ED7BF /* Products */,
			);
			sourceTree = "<group>";
			usesTabs = 0;
		};
		185EDE5A2459B499006ED7BF /* Products */ = {
			isa = PBXGroup;
			children = (
				185EDE592459B499006ED7BF /* Inventory.app */,
			);
			name = Products;
			sourceTree = "<group>";
		};
		185EDE5B2459B499006ED7BF /* Inventory */ = {
			isa = PBXGroup;
			children = (
				1805F41D2460BA4E005241F8 /* Inventory.entitlements */,
				185EDE5C2459B499006ED7BF /* AppDelegate.swift */,
				185EDE5E2459B499006ED7BF /* SceneDelegate.swift */,
				185EDE632459B499006ED7BF /* ContentView.swift */,
				188E026124683C750000AB38 /* StorageView.swift */,
				1844D800246567860058380F /* AddTypeView.swift */,
				1844D80D246712460058380F /* TypeDetailView.swift */,
				1855C36A2468865C00F21D37 /* CaseDetailView.swift */,
				1844D8092465ADC40058380F /* TypesView.swift */,
				1844D80224656DA10058380F /* EditTypesView.swift */,
				182824F02460390700C7D07A /* ItemDetailView.swift */,
				182824EE246037D800C7D07A /* AddItemView.swift */,
				1855C36C2468A3AA00F21D37 /* EditCasesView.swift */,
				185EDE652459B49A006ED7BF /* Assets.xcassets */,
				185EDE6A2459B49A006ED7BF /* LaunchScreen.storyboard */,
				185EDE6D2459B49A006ED7BF /* Info.plist */,
				18184F2B246563DD00FDEFE8 /* Inventory.xcdatamodeld */,
				185EDE672459B49A006ED7BF /* Preview Content */,
			);
			path = Inventory;
			sourceTree = "<group>";
		};
		185EDE672459B49A006ED7BF /* Preview Content */ = {
			isa = PBXGroup;
			children = (
				185EDE682459B49A006ED7BF /* Preview Assets.xcassets */,
			);
			path = "Preview Content";
			sourceTree = "<group>";
		};
/* End PBXGroup section */

/* Begin PBXNativeTarget section */
		185EDE582459B499006ED7BF /* Inventory */ = {
			isa = PBXNativeTarget;
			buildConfigurationList = 185EDE702459B49A006ED7BF /* Build configuration list for PBXNativeTarget "Inventory" */;
			buildPhases = (
				185EDE552459B499006ED7BF /* Sources */,
				185EDE562459B499006ED7BF /* Frameworks */,
				185EDE572459B499006ED7BF /* Resources */,
			);
			buildRules = (
			);
			dependencies = (
			);
			name = Inventory;
			packageProductDependencies = (
				18441D8B248FDFA200DBE6DA /* CodeScanner */,
			);
			productName = Inventory;
			productReference = 185EDE592459B499006ED7BF /* Inventory.app */;
			productType = "com.apple.product-type.application";
		};
/* End PBXNativeTarget section */

/* Begin PBXProject section */
		185EDE512459B499006ED7BF /* Project object */ = {
			isa = PBXProject;
			attributes = {
				LastSwiftUpdateCheck = 1140;
				LastUpgradeCheck = 1140;
				ORGANIZATIONNAME = "Sven Iffland";
				TargetAttributes = {
					185EDE582459B499006ED7BF = {
						CreatedOnToolsVersion = 11.4.1;
					};
				};
			};
			buildConfigurationList = 185EDE542459B499006ED7BF /* Build configuration list for PBXProject "Inventory" */;
			compatibilityVersion = "Xcode 9.3";
			developmentRegion = en;
			hasScannedForEncodings = 0;
			knownRegions = (
				en,
				Base,
			);
			mainGroup = 185EDE502459B499006ED7BF;
			packageReferences = (
				18441D8A248FDFA200DBE6DA /* XCRemoteSwiftPackageReference "CodeScanner" */,
			);
			productRefGroup = 185EDE5A2459B499006ED7BF /* Products */;
			projectDirPath = "";
			projectRoot = "";
			targets = (
				185EDE582459B499006ED7BF /* Inventory */,
			);
		};
/* End PBXProject section */

/* Begin PBXResourcesBuildPhase section */
		185EDE572459B499006ED7BF /* Resources */ = {
			isa = PBXResourcesBuildPhase;
			buildActionMask = 2147483647;
			files = (
				185EDE6C2459B49A006ED7BF /* LaunchScreen.storyboard in Resources */,
				185EDE692459B49A006ED7BF /* Preview Assets.xcassets in Resources */,
				185EDE662459B49A006ED7BF /* Assets.xcassets in Resources */,
			);
			runOnlyForDeploymentPostprocessing = 0;
		};
/* End PBXResourcesBuildPhase section */

/* Begin PBXSourcesBuildPhase section */
		185EDE552459B499006ED7BF /* Sources */ = {
			isa = PBXSourcesBuildPhase;
			buildActionMask = 2147483647;
			files = (
				1844D80A2465ADC40058380F /* TypesView.swift in Sources */,
				18184F2D246563DD00FDEFE8 /* Inventory.xcdatamodeld in Sources */,
				1855C36D2468A3AA00F21D37 /* EditCasesView.swift in Sources */,
				182824F12460390700C7D07A /* ItemDetailView.swift in Sources */,
				1844D80E246712460058380F /* TypeDetailView.swift in Sources */,
				188E026224683C750000AB38 /* StorageView.swift in Sources */,
				1844D801246567860058380F /* AddTypeView.swift in Sources */,
				185EDE5D2459B499006ED7BF /* AppDelegate.swift in Sources */,
				1844D80324656DA10058380F /* EditTypesView.swift in Sources */,
				185EDE642459B499006ED7BF /* ContentView.swift in Sources */,
				1855C36B2468865C00F21D37 /* CaseDetailView.swift in Sources */,
				185EDE5F2459B499006ED7BF /* SceneDelegate.swift in Sources */,
				182824EF246037D800C7D07A /* AddItemView.swift in Sources */,
			);
			runOnlyForDeploymentPostprocessing = 0;
		};
/* End PBXSourcesBuildPhase section */

/* Begin PBXVariantGroup section */
		185EDE6A2459B49A006ED7BF /* LaunchScreen.storyboard */ = {
			isa = PBXVariantGroup;
			children = (
				185EDE6B2459B49A006ED7BF /* Base */,
			);
			name = LaunchScreen.storyboard;
			sourceTree = "<group>";
		};
/* End PBXVariantGroup section */

/* Begin XCBuildConfiguration section */
		185EDE6E2459B49A006ED7BF /* Debug */ = {
			isa = XCBuildConfiguration;
			buildSettings = {
				ALWAYS_SEARCH_USER_PATHS = NO;
				CLANG_ANALYZER_NONNULL = YES;
				CLANG_ANALYZER_NUMBER_OBJECT_CONVERSION = YES_AGGRESSIVE;
				CLANG_CXX_LANGUAGE_STANDARD = "gnu++14";
				CLANG_CXX_LIBRARY = "libc++";
				CLANG_ENABLE_MODULES = YES;
				CLANG_ENABLE_OBJC_ARC = YES;
				CLANG_ENABLE_OBJC_WEAK = YES;
				CLANG_WARN_BLOCK_CAPTURE_AUTORELEASING = YES;
				CLANG_WARN_BOOL_CONVERSION = YES;
				CLANG_WARN_COMMA = YES;
				CLANG_WARN_CONSTANT_CONVERSION = YES;
				CLANG_WARN_DEPRECATED_OBJC_IMPLEMENTATIONS = YES;
				CLANG_WARN_DIRECT_OBJC_ISA_USAGE = YES_ERROR;
				CLANG_WARN_DOCUMENTATION_COMMENTS = YES;
				CLANG_WARN_EMPTY_BODY = YES;
				CLANG_WARN_ENUM_CONVERSION = YES;
				CLANG_WARN_INFINITE_RECURSION = YES;
				CLANG_WARN_INT_CONVERSION = YES;
				CLANG_WARN_NON_LITERAL_NULL_CONVERSION = YES;
				CLANG_WARN_OBJC_IMPLICIT_RETAIN_SELF = YES;
				CLANG_WARN_OBJC_LITERAL_CONVERSION = YES;
				CLANG_WARN_OBJC_ROOT_CLASS = YES_ERROR;
				CLANG_WARN_RANGE_LOOP_ANALYSIS = YES;
				CLANG_WARN_STRICT_PROTOTYPES = YES;
				CLANG_WARN_SUSPICIOUS_MOVE = YES;
				CLANG_WARN_UNGUARDED_AVAILABILITY = YES_AGGRESSIVE;
				CLANG_WARN_UNREACHABLE_CODE = YES;
				CLANG_WARN__DUPLICATE_METHOD_MATCH = YES;
				COPY_PHASE_STRIP = NO;
				DEBUG_INFORMATION_FORMAT = dwarf;
				ENABLE_STRICT_OBJC_MSGSEND = YES;
				ENABLE_TESTABILITY = YES;
				GCC_C_LANGUAGE_STANDARD = gnu11;
				GCC_DYNAMIC_NO_PIC = NO;
				GCC_NO_COMMON_BLOCKS = YES;
				GCC_OPTIMIZATION_LEVEL = 0;
				GCC_PREPROCESSOR_DEFINITIONS = (
					"DEBUG=1",
					"$(inherited)",
				);
				GCC_WARN_64_TO_32_BIT_CONVERSION = YES;
				GCC_WARN_ABOUT_RETURN_TYPE = YES_ERROR;
				GCC_WARN_UNDECLARED_SELECTOR = YES;
				GCC_WARN_UNINITIALIZED_AUTOS = YES_AGGRESSIVE;
				GCC_WARN_UNUSED_FUNCTION = YES;
				GCC_WARN_UNUSED_VARIABLE = YES;
				IPHONEOS_DEPLOYMENT_TARGET = 13.3;
				MTL_ENABLE_DEBUG_INFO = INCLUDE_SOURCE;
				MTL_FAST_MATH = YES;
				ONLY_ACTIVE_ARCH = YES;
				SDKROOT = iphoneos;
				SWIFT_ACTIVE_COMPILATION_CONDITIONS = DEBUG;
				SWIFT_OPTIMIZATION_LEVEL = "-Onone";
			};
			name = Debug;
		};
		185EDE6F2459B49A006ED7BF /* Release */ = {
			isa = XCBuildConfiguration;
			buildSettings = {
				ALWAYS_SEARCH_USER_PATHS = NO;
				CLANG_ANALYZER_NONNULL = YES;
				CLANG_ANALYZER_NUMBER_OBJECT_CONVERSION = YES_AGGRESSIVE;
				CLANG_CXX_LANGUAGE_STANDARD = "gnu++14";
				CLANG_CXX_LIBRARY = "libc++";
				CLANG_ENABLE_MODULES = YES;
				CLANG_ENABLE_OBJC_ARC = YES;
				CLANG_ENABLE_OBJC_WEAK = YES;
				CLANG_WARN_BLOCK_CAPTURE_AUTORELEASING = YES;
				CLANG_WARN_BOOL_CONVERSION = YES;
				CLANG_WARN_COMMA = YES;
				CLANG_WARN_CONSTANT_CONVERSION = YES;
				CLANG_WARN_DEPRECATED_OBJC_IMPLEMENTATIONS = YES;
				CLANG_WARN_DIRECT_OBJC_ISA_USAGE = YES_ERROR;
				CLANG_WARN_DOCUMENTATION_COMMENTS = YES;
				CLANG_WARN_EMPTY_BODY = YES;
				CLANG_WARN_ENUM_CONVERSION = YES;
				CLANG_WARN_INFINITE_RECURSION = YES;
				CLANG_WARN_INT_CONVERSION = YES;
				CLANG_WARN_NON_LITERAL_NULL_CONVERSION = YES;
				CLANG_WARN_OBJC_IMPLICIT_RETAIN_SELF = YES;
				CLANG_WARN_OBJC_LITERAL_CONVERSION = YES;
				CLANG_WARN_OBJC_ROOT_CLASS = YES_ERROR;
				CLANG_WARN_RANGE_LOOP_ANALYSIS = YES;
				CLANG_WARN_STRICT_PROTOTYPES = YES;
				CLANG_WARN_SUSPICIOUS_MOVE = YES;
				CLANG_WARN_UNGUARDED_AVAILABILITY = YES_AGGRESSIVE;
				CLANG_WARN_UNREACHABLE_CODE = YES;
				CLANG_WARN__DUPLICATE_METHOD_MATCH = YES;
				COPY_PHASE_STRIP = NO;
				DEBUG_INFORMATION_FORMAT = "dwarf-with-dsym";
				ENABLE_NS_ASSERTIONS = NO;
				ENABLE_STRICT_OBJC_MSGSEND = YES;
				GCC_C_LANGUAGE_STANDARD = gnu11;
				GCC_NO_COMMON_BLOCKS = YES;
				GCC_WARN_64_TO_32_BIT_CONVERSION = YES;
				GCC_WARN_ABOUT_RETURN_TYPE = YES_ERROR;
				GCC_WARN_UNDECLARED_SELECTOR = YES;
				GCC_WARN_UNINITIALIZED_AUTOS = YES_AGGRESSIVE;
				GCC_WARN_UNUSED_FUNCTION = YES;
				GCC_WARN_UNUSED_VARIABLE = YES;
				IPHONEOS_DEPLOYMENT_TARGET = 13.3;
				MTL_ENABLE_DEBUG_INFO = NO;
				MTL_FAST_MATH = YES;
				SDKROOT = iphoneos;
				SWIFT_COMPILATION_MODE = wholemodule;
				SWIFT_OPTIMIZATION_LEVEL = "-O";
				VALIDATE_PRODUCT = YES;
			};
			name = Release;
		};
		185EDE712459B49A006ED7BF /* Debug */ = {
			isa = XCBuildConfiguration;
			buildSettings = {
				ASSETCATALOG_COMPILER_APPICON_NAME = AppIcon;
				CODE_SIGN_ENTITLEMENTS = Inventory/Inventory.entitlements;
				"CODE_SIGN_IDENTITY[sdk=macosx*]" = "Apple Development";
				CODE_SIGN_STYLE = Automatic;
				DEVELOPMENT_ASSET_PATHS = "\"Inventory/Preview Content\"";
				DEVELOPMENT_TEAM = C4C5JTKNY4;
				"ENABLE_HARDENED_RUNTIME[sdk=macosx*]" = YES;
				ENABLE_PREVIEWS = YES;
				INFOPLIST_FILE = Inventory/Info.plist;
				LD_RUNPATH_SEARCH_PATHS = (
					"$(inherited)",
					"@executable_path/Frameworks",
				);
				PRODUCT_BUNDLE_IDENTIFIER = technik.inventory;
				PRODUCT_NAME = "$(TARGET_NAME)";
				SUPPORTS_MACCATALYST = YES;
				SWIFT_VERSION = 5.0;
				TARGETED_DEVICE_FAMILY = "1,2";
			};
			name = Debug;
		};
		185EDE722459B49A006ED7BF /* Release */ = {
			isa = XCBuildConfiguration;
			buildSettings = {
				ASSETCATALOG_COMPILER_APPICON_NAME = AppIcon;
				CODE_SIGN_ENTITLEMENTS = Inventory/Inventory.entitlements;
				"CODE_SIGN_IDENTITY[sdk=macosx*]" = "Apple Development";
				CODE_SIGN_STYLE = Automatic;
				DEVELOPMENT_ASSET_PATHS = "\"Inventory/Preview Content\"";
				DEVELOPMENT_TEAM = C4C5JTKNY4;
				"ENABLE_HARDENED_RUNTIME[sdk=macosx*]" = YES;
				ENABLE_PREVIEWS = YES;
				INFOPLIST_FILE = Inventory/Info.plist;
				LD_RUNPATH_SEARCH_PATHS = (
					"$(inherited)",
					"@executable_path/Frameworks",
				);
				PRODUCT_BUNDLE_IDENTIFIER = technik.inventory;
				PRODUCT_NAME = "$(TARGET_NAME)";
				SUPPORTS_MACCATALYST = YES;
				SWIFT_VERSION = 5.0;
				TARGETED_DEVICE_FAMILY = "1,2";
			};
			name = Release;
		};
/* End XCBuildConfiguration section */

/* Begin XCConfigurationList section */
		185EDE542459B499006ED7BF /* Build configuration list for PBXProject "Inventory" */ = {
			isa = XCConfigurationList;
			buildConfigurations = (
				185EDE6E2459B49A006ED7BF /* Debug */,
				185EDE6F2459B49A006ED7BF /* Release */,
			);
			defaultConfigurationIsVisible = 0;
			defaultConfigurationName = Release;
		};
		185EDE702459B49A006ED7BF /* Build configuration list for PBXNativeTarget "Inventory" */ = {
			isa = XCConfigurationList;
			buildConfigurations = (
				185EDE712459B49A006ED7BF /* Debug */,
				185EDE722459B49A006ED7BF /* Release */,
			);
			defaultConfigurationIsVisible = 0;
			defaultConfigurationName = Release;
		};
/* End XCConfigurationList section */

/* Begin XCRemoteSwiftPackageReference section */
		18441D8A248FDFA200DBE6DA /* XCRemoteSwiftPackageReference "CodeScanner" */ = {
			isa = XCRemoteSwiftPackageReference;
			repositoryURL = "https://github.com/twostraws/CodeScanner";
			requirement = {
				kind = upToNextMajorVersion;
				minimumVersion = 1.0.6;
			};
		};
/* End XCRemoteSwiftPackageReference section */

/* Begin XCSwiftPackageProductDependency section */
		18441D8B248FDFA200DBE6DA /* CodeScanner */ = {
			isa = XCSwiftPackageProductDependency;
			package = 18441D8A248FDFA200DBE6DA /* XCRemoteSwiftPackageReference "CodeScanner" */;
			productName = CodeScanner;
		};
/* End XCSwiftPackageProductDependency section */

/* Begin XCVersionGroup section */
		18184F2B246563DD00FDEFE8 /* Inventory.xcdatamodeld */ = {
			isa = XCVersionGroup;
			children = (
				18184F2C246563DD00FDEFE8 /* Inventory.xcdatamodel */,
			);
			currentVersion = 18184F2C246563DD00FDEFE8 /* Inventory.xcdatamodel */;
			path = Inventory.xcdatamodeld;
			sourceTree = "<group>";
			versionGroupType = wrapper.xcdatamodel;
		};
/* End XCVersionGroup section */
	};
	rootObject = 185EDE512459B499006ED7BF /* Project object */;
}
